// !$*UTF8*$!
{
	archiveVersion = 1;
	classes = {
	};
	objectVersion = 56;
	objects = {

/* Begin PBXBuildFile section */
		B224D35729BC35130029D400 /* AppDelegate.swift in Sources */ = {isa = PBXBuildFile; fileRef = B224D35629BC35130029D400 /* AppDelegate.swift */; };
		B224D35929BC35130029D400 /* SceneDelegate.swift in Sources */ = {isa = PBXBuildFile; fileRef = B224D35829BC35130029D400 /* SceneDelegate.swift */; };
		B224D35B29BC35130029D400 /* ViewController.swift in Sources */ = {isa = PBXBuildFile; fileRef = B224D35A29BC35130029D400 /* ViewController.swift */; };
		B224D35E29BC35130029D400 /* Main.storyboard in Resources */ = {isa = PBXBuildFile; fileRef = B224D35C29BC35130029D400 /* Main.storyboard */; };
		B224D36029BC35130029D400 /* Assets.xcassets in Resources */ = {isa = PBXBuildFile; fileRef = B224D35F29BC35130029D400 /* Assets.xcassets */; };
		B224D36329BC35130029D400 /* LaunchScreen.storyboard in Resources */ = {isa = PBXBuildFile; fileRef = B224D36129BC35130029D400 /* LaunchScreen.storyboard */; };
		B224D36E29BC35140029D400 /* Mindbody_DemoTests.swift in Sources */ = {isa = PBXBuildFile; fileRef = B224D36D29BC35140029D400 /* Mindbody_DemoTests.swift */; };
		B224D37829BC35140029D400 /* Mindbody_DemoUITests.swift in Sources */ = {isa = PBXBuildFile; fileRef = B224D37729BC35140029D400 /* Mindbody_DemoUITests.swift */; };
		B224D37A29BC35140029D400 /* Mindbody_DemoUITestsLaunchTests.swift in Sources */ = {isa = PBXBuildFile; fileRef = B224D37929BC35140029D400 /* Mindbody_DemoUITestsLaunchTests.swift */; };
/* End PBXBuildFile section */

/* Begin PBXContainerItemProxy section */
		B224D36A29BC35140029D400 /* PBXContainerItemProxy */ = {
			isa = PBXContainerItemProxy;
			containerPortal = B224D34B29BC35130029D400 /* Project object */;
			proxyType = 1;
			remoteGlobalIDString = B224D35229BC35130029D400;
			remoteInfo = "Mindbody Demo";
		};
		B224D37429BC35140029D400 /* PBXContainerItemProxy */ = {
			isa = PBXContainerItemProxy;
			containerPortal = B224D34B29BC35130029D400 /* Project object */;
			proxyType = 1;
			remoteGlobalIDString = B224D35229BC35130029D400;
			remoteInfo = "Mindbody Demo";
		};
/* End PBXContainerItemProxy section */

/* Begin PBXFileReference section */
		B224D35329BC35130029D400 /* Mindbody Demo.app */ = {isa = PBXFileReference; explicitFileType = wrapper.application; includeInIndex = 0; path = "Mindbody Demo.app"; sourceTree = BUILT_PRODUCTS_DIR; };
		B224D35629BC35130029D400 /* AppDelegate.swift */ = {isa = PBXFileReference; lastKnownFileType = sourcecode.swift; path = AppDelegate.swift; sourceTree = "<group>"; };
		B224D35829BC35130029D400 /* SceneDelegate.swift */ = {isa = PBXFileReference; lastKnownFileType = sourcecode.swift; path = SceneDelegate.swift; sourceTree = "<group>"; };
		B224D35A29BC35130029D400 /* ViewController.swift */ = {isa = PBXFileReference; lastKnownFileType = sourcecode.swift; path = ViewController.swift; sourceTree = "<group>"; };
		B224D35D29BC35130029D400 /* Base */ = {isa = PBXFileReference; lastKnownFileType = file.storyboard; name = Base; path = Base.lproj/Main.storyboard; sourceTree = "<group>"; };
		B224D35F29BC35130029D400 /* Assets.xcassets */ = {isa = PBXFileReference; lastKnownFileType = folder.assetcatalog; path = Assets.xcassets; sourceTree = "<group>"; };
		B224D36229BC35130029D400 /* Base */ = {isa = PBXFileReference; lastKnownFileType = file.storyboard; name = Base; path = Base.lproj/LaunchScreen.storyboard; sourceTree = "<group>"; };
		B224D36429BC35130029D400 /* Info.plist */ = {isa = PBXFileReference; lastKnownFileType = text.plist.xml; path = Info.plist; sourceTree = "<group>"; };
		B224D36929BC35140029D400 /* Mindbody DemoTests.xctest */ = {isa = PBXFileReference; explicitFileType = wrapper.cfbundle; includeInIndex = 0; path = "Mindbody DemoTests.xctest"; sourceTree = BUILT_PRODUCTS_DIR; };
		B224D36D29BC35140029D400 /* Mindbody_DemoTests.swift */ = {isa = PBXFileReference; lastKnownFileType = sourcecode.swift; path = Mindbody_DemoTests.swift; sourceTree = "<group>"; };
		B224D37329BC35140029D400 /* Mindbody DemoUITests.xctest */ = {isa = PBXFileReference; explicitFileType = wrapper.cfbundle; includeInIndex = 0; path = "Mindbody DemoUITests.xctest"; sourceTree = BUILT_PRODUCTS_DIR; };
		B224D37729BC35140029D400 /* Mindbody_DemoUITests.swift */ = {isa = PBXFileReference; lastKnownFileType = sourcecode.swift; path = Mindbody_DemoUITests.swift; sourceTree = "<group>"; };
		B224D37929BC35140029D400 /* Mindbody_DemoUITestsLaunchTests.swift */ = {isa = PBXFileReference; lastKnownFileType = sourcecode.swift; path = Mindbody_DemoUITestsLaunchTests.swift; sourceTree = "<group>"; };
/* End PBXFileReference section */

/* Begin PBXFrameworksBuildPhase section */
		B224D35029BC35130029D400 /* Frameworks */ = {
			isa = PBXFrameworksBuildPhase;
			buildActionMask = 2147483647;
			files = (
			);
			runOnlyForDeploymentPostprocessing = 0;
		};
		B224D36629BC35140029D400 /* Frameworks */ = {
			isa = PBXFrameworksBuildPhase;
			buildActionMask = 2147483647;
			files = (
			);
			runOnlyForDeploymentPostprocessing = 0;
		};
		B224D37029BC35140029D400 /* Frameworks */ = {
			isa = PBXFrameworksBuildPhase;
			buildActionMask = 2147483647;
			files = (
			);
			runOnlyForDeploymentPostprocessing = 0;
		};
/* End PBXFrameworksBuildPhase section */

/* Begin PBXGroup section */
		B224D34A29BC35130029D400 = {
			isa = PBXGroup;
			children = (
				B224D35529BC35130029D400 /* Mindbody Demo */,
				B224D36C29BC35140029D400 /* Mindbody DemoTests */,
				B224D37629BC35140029D400 /* Mindbody DemoUITests */,
				B224D35429BC35130029D400 /* Products */,
			);
			sourceTree = "<group>";
		};
		B224D35429BC35130029D400 /* Products */ = {
			isa = PBXGroup;
			children = (
				B224D35329BC35130029D400 /* Mindbody Demo.app */,
				B224D36929BC35140029D400 /* Mindbody DemoTests.xctest */,
				B224D37329BC35140029D400 /* Mindbody DemoUITests.xctest */,
			);
			name = Products;
			sourceTree = "<group>";
		};
		B224D35529BC35130029D400 /* Mindbody Demo */ = {
			isa = PBXGroup;
			children = (
				B224D35629BC35130029D400 /* AppDelegate.swift */,
				B224D35829BC35130029D400 /* SceneDelegate.swift */,
				B224D35A29BC35130029D400 /* ViewController.swift */,
				B224D35C29BC35130029D400 /* Main.storyboard */,
				B224D35F29BC35130029D400 /* Assets.xcassets */,
				B224D36129BC35130029D400 /* LaunchScreen.storyboard */,
				B224D36429BC35130029D400 /* Info.plist */,
			);
			path = "Mindbody Demo";
			sourceTree = "<group>";
		};
		B224D36C29BC35140029D400 /* Mindbody DemoTests */ = {
			isa = PBXGroup;
			children = (
				B224D36D29BC35140029D400 /* Mindbody_DemoTests.swift */,
			);
			path = "Mindbody DemoTests";
			sourceTree = "<group>";
		};
		B224D37629BC35140029D400 /* Mindbody DemoUITests */ = {
			isa = PBXGroup;
			children = (
				B224D37729BC35140029D400 /* Mindbody_DemoUITests.swift */,
				B224D37929BC35140029D400 /* Mindbody_DemoUITestsLaunchTests.swift */,
			);
			path = "Mindbody DemoUITests";
			sourceTree = "<group>";
		};
/* End PBXGroup section */

/* Begin PBXNativeTarget section */
		B224D35229BC35130029D400 /* Mindbody Demo */ = {
			isa = PBXNativeTarget;
			buildConfigurationList = B224D37D29BC35140029D400 /* Build configuration list for PBXNativeTarget "Mindbody Demo" */;
			buildPhases = (
				B224D34F29BC35130029D400 /* Sources */,
				B224D35029BC35130029D400 /* Frameworks */,
				B224D35129BC35130029D400 /* Resources */,
			);
			buildRules = (
			);
			dependencies = (
			);
			name = "Mindbody Demo";
			productName = "Mindbody Demo";
			productReference = B224D35329BC35130029D400 /* Mindbody Demo.app */;
			productType = "com.apple.product-type.application";
		};
		B224D36829BC35140029D400 /* Mindbody DemoTests */ = {
			isa = PBXNativeTarget;
			buildConfigurationList = B224D38029BC35140029D400 /* Build configuration list for PBXNativeTarget "Mindbody DemoTests" */;
			buildPhases = (
				B224D36529BC35140029D400 /* Sources */,
				B224D36629BC35140029D400 /* Frameworks */,
				B224D36729BC35140029D400 /* Resources */,
			);
			buildRules = (
			);
			dependencies = (
				B224D36B29BC35140029D400 /* PBXTargetDependency */,
			);
			name = "Mindbody DemoTests";
			productName = "Mindbody DemoTests";
			productReference = B224D36929BC35140029D400 /* Mindbody DemoTests.xctest */;
			productType = "com.apple.product-type.bundle.unit-test";
		};
		B224D37229BC35140029D400 /* Mindbody DemoUITests */ = {
			isa = PBXNativeTarget;
			buildConfigurationList = B224D38329BC35140029D400 /* Build configuration list for PBXNativeTarget "Mindbody DemoUITests" */;
			buildPhases = (
				B224D36F29BC35140029D400 /* Sources */,
				B224D37029BC35140029D400 /* Frameworks */,
				B224D37129BC35140029D400 /* Resources */,
			);
			buildRules = (
			);
			dependencies = (
				B224D37529BC35140029D400 /* PBXTargetDependency */,
			);
			name = "Mindbody DemoUITests";
			productName = "Mindbody DemoUITests";
			productReference = B224D37329BC35140029D400 /* Mindbody DemoUITests.xctest */;
			productType = "com.apple.product-type.bundle.ui-testing";
		};
/* End PBXNativeTarget section */

/* Begin PBXProject section */
		B224D34B29BC35130029D400 /* Project object */ = {
			isa = PBXProject;
			attributes = {
				BuildIndependentTargetsInParallel = 1;
				LastSwiftUpdateCheck = 1420;
				LastUpgradeCheck = 1420;
				TargetAttributes = {
					B224D35229BC35130029D400 = {
						CreatedOnToolsVersion = 14.2;
					};
					B224D36829BC35140029D400 = {
						CreatedOnToolsVersion = 14.2;
						TestTargetID = B224D35229BC35130029D400;
					};
					B224D37229BC35140029D400 = {
						CreatedOnToolsVersion = 14.2;
						TestTargetID = B224D35229BC35130029D400;
					};
				};
			};
			buildConfigurationList = B224D34E29BC35130029D400 /* Build configuration list for PBXProject "Mindbody Demo" */;
			compatibilityVersion = "Xcode 14.0";
			developmentRegion = en;
			hasScannedForEncodings = 0;
			knownRegions = (
				en,
				Base,
			);
			mainGroup = B224D34A29BC35130029D400;
			productRefGroup = B224D35429BC35130029D400 /* Products */;
			projectDirPath = "";
			projectRoot = "";
			targets = (
				B224D35229BC35130029D400 /* Mindbody Demo */,
				B224D36829BC35140029D400 /* Mindbody DemoTests */,
				B224D37229BC35140029D400 /* Mindbody DemoUITests */,
			);
		};
/* End PBXProject section */

/* Begin PBXResourcesBuildPhase section */
		B224D35129BC35130029D400 /* Resources */ = {
			isa = PBXResourcesBuildPhase;
			buildActionMask = 2147483647;
			files = (
				B224D36329BC35130029D400 /* LaunchScreen.storyboard in Resources */,
				B224D36029BC35130029D400 /* Assets.xcassets in Resources */,
				B224D35E29BC35130029D400 /* Main.storyboard in Resources */,
			);
			runOnlyForDeploymentPostprocessing = 0;
		};
		B224D36729BC35140029D400 /* Resources */ = {
			isa = PBXResourcesBuildPhase;
			buildActionMask = 2147483647;
			files = (
			);
			runOnlyForDeploymentPostprocessing = 0;
		};
		B224D37129BC35140029D400 /* Resources */ = {
			isa = PBXResourcesBuildPhase;
			buildActionMask = 2147483647;
			files = (
			);
			runOnlyForDeploymentPostprocessing = 0;
		};
/* End PBXResourcesBuildPhase section */

/* Begin PBXSourcesBuildPhase section */
		B224D34F29BC35130029D400 /* Sources */ = {
			isa = PBXSourcesBuildPhase;
			buildActionMask = 2147483647;
			files = (
				B224D35B29BC35130029D400 /* ViewController.swift in Sources */,
				B224D35729BC35130029D400 /* AppDelegate.swift in Sources */,
				B224D35929BC35130029D400 /* SceneDelegate.swift in Sources */,
			);
			runOnlyForDeploymentPostprocessing = 0;
		};
		B224D36529BC35140029D400 /* Sources */ = {
			isa = PBXSourcesBuildPhase;
			buildActionMask = 2147483647;
			files = (
				B224D36E29BC35140029D400 /* Mindbody_DemoTests.swift in Sources */,
			);
			runOnlyForDeploymentPostprocessing = 0;
		};
		B224D36F29BC35140029D400 /* Sources */ = {
			isa = PBXSourcesBuildPhase;
			buildActionMask = 2147483647;
			files = (
				B224D37829BC35140029D400 /* Mindbody_DemoUITests.swift in Sources */,
				B224D37A29BC35140029D400 /* Mindbody_DemoUITestsLaunchTests.swift in Sources */,
			);
			runOnlyForDeploymentPostprocessing = 0;
		};
/* End PBXSourcesBuildPhase section */

/* Begin PBXTargetDependency section */
		B224D36B29BC35140029D400 /* PBXTargetDependency */ = {
			isa = PBXTargetDependency;
			target = B224D35229BC35130029D400 /* Mindbody Demo */;
			targetProxy = B224D36A29BC35140029D400 /* PBXContainerItemProxy */;
		};
		B224D37529BC35140029D400 /* PBXTargetDependency */ = {
			isa = PBXTargetDependency;
			target = B224D35229BC35130029D400 /* Mindbody Demo */;
			targetProxy = B224D37429BC35140029D400 /* PBXContainerItemProxy */;
		};
/* End PBXTargetDependency section */

/* Begin PBXVariantGroup section */
		B224D35C29BC35130029D400 /* Main.storyboard */ = {
			isa = PBXVariantGroup;
			children = (
				B224D35D29BC35130029D400 /* Base */,
			);
			name = Main.storyboard;
			sourceTree = "<group>";
		};
		B224D36129BC35130029D400 /* LaunchScreen.storyboard */ = {
			isa = PBXVariantGroup;
			children = (
				B224D36229BC35130029D400 /* Base */,
			);
			name = LaunchScreen.storyboard;
			sourceTree = "<group>";
		};
/* End PBXVariantGroup section */

/* Begin XCBuildConfiguration section */
		B224D37B29BC35140029D400 /* Debug */ = {
			isa = XCBuildConfiguration;
			buildSettings = {
				ALWAYS_SEARCH_USER_PATHS = NO;
				CLANG_ANALYZER_NONNULL = YES;
				CLANG_ANALYZER_NUMBER_OBJECT_CONVERSION = YES_AGGRESSIVE;
				CLANG_CXX_LANGUAGE_STANDARD = "gnu++20";
				CLANG_ENABLE_MODULES = YES;
				CLANG_ENABLE_OBJC_ARC = YES;
				CLANG_ENABLE_OBJC_WEAK = YES;
				CLANG_WARN_BLOCK_CAPTURE_AUTORELEASING = YES;
				CLANG_WARN_BOOL_CONVERSION = YES;
				CLANG_WARN_COMMA = YES;
				CLANG_WARN_CONSTANT_CONVERSION = YES;
				CLANG_WARN_DEPRECATED_OBJC_IMPLEMENTATIONS = YES;
				CLANG_WARN_DIRECT_OBJC_ISA_USAGE = YES_ERROR;
				CLANG_WARN_DOCUMENTATION_COMMENTS = YES;
				CLANG_WARN_EMPTY_BODY = YES;
				CLANG_WARN_ENUM_CONVERSION = YES;
				CLANG_WARN_INFINITE_RECURSION = YES;
				CLANG_WARN_INT_CONVERSION = YES;
				CLANG_WARN_NON_LITERAL_NULL_CONVERSION = YES;
				CLANG_WARN_OBJC_IMPLICIT_RETAIN_SELF = YES;
				CLANG_WARN_OBJC_LITERAL_CONVERSION = YES;
				CLANG_WARN_OBJC_ROOT_CLASS = YES_ERROR;
				CLANG_WARN_QUOTED_INCLUDE_IN_FRAMEWORK_HEADER = YES;
				CLANG_WARN_RANGE_LOOP_ANALYSIS = YES;
				CLANG_WARN_STRICT_PROTOTYPES = YES;
				CLANG_WARN_SUSPICIOUS_MOVE = YES;
				CLANG_WARN_UNGUARDED_AVAILABILITY = YES_AGGRESSIVE;
				CLANG_WARN_UNREACHABLE_CODE = YES;
				CLANG_WARN__DUPLICATE_METHOD_MATCH = YES;
				COPY_PHASE_STRIP = NO;
				DEBUG_INFORMATION_FORMAT = dwarf;
				ENABLE_STRICT_OBJC_MSGSEND = YES;
				ENABLE_TESTABILITY = YES;
				GCC_C_LANGUAGE_STANDARD = gnu11;
				GCC_DYNAMIC_NO_PIC = NO;
				GCC_NO_COMMON_BLOCKS = YES;
				GCC_OPTIMIZATION_LEVEL = 0;
				GCC_PREPROCESSOR_DEFINITIONS = (
					"DEBUG=1",
					"$(inherited)",
				);
				GCC_WARN_64_TO_32_BIT_CONVERSION = YES;
				GCC_WARN_ABOUT_RETURN_TYPE = YES_ERROR;
				GCC_WARN_UNDECLARED_SELECTOR = YES;
				GCC_WARN_UNINITIALIZED_AUTOS = YES_AGGRESSIVE;
				GCC_WARN_UNUSED_FUNCTION = YES;
				GCC_WARN_UNUSED_VARIABLE = YES;
				IPHONEOS_DEPLOYMENT_TARGET = 16.2;
				MTL_ENABLE_DEBUG_INFO = INCLUDE_SOURCE;
				MTL_FAST_MATH = YES;
				ONLY_ACTIVE_ARCH = YES;
				SDKROOT = iphoneos;
				SWIFT_ACTIVE_COMPILATION_CONDITIONS = DEBUG;
				SWIFT_OPTIMIZATION_LEVEL = "-Onone";
			};
			name = Debug;
		};
		B224D37C29BC35140029D400 /* Release */ = {
			isa = XCBuildConfiguration;
			buildSettings = {
				ALWAYS_SEARCH_USER_PATHS = NO;
				CLANG_ANALYZER_NONNULL = YES;
				CLANG_ANALYZER_NUMBER_OBJECT_CONVERSION = YES_AGGRESSIVE;
				CLANG_CXX_LANGUAGE_STANDARD = "gnu++20";
				CLANG_ENABLE_MODULES = YES;
				CLANG_ENABLE_OBJC_ARC = YES;
				CLANG_ENABLE_OBJC_WEAK = YES;
				CLANG_WARN_BLOCK_CAPTURE_AUTORELEASING = YES;
				CLANG_WARN_BOOL_CONVERSION = YES;
				CLANG_WARN_COMMA = YES;
				CLANG_WARN_CONSTANT_CONVERSION = YES;
				CLANG_WARN_DEPRECATED_OBJC_IMPLEMENTATIONS = YES;
				CLANG_WARN_DIRECT_OBJC_ISA_USAGE = YES_ERROR;
				CLANG_WARN_DOCUMENTATION_COMMENTS = YES;
				CLANG_WARN_EMPTY_BODY = YES;
				CLANG_WARN_ENUM_CONVERSION = YES;
				CLANG_WARN_INFINITE_RECURSION = YES;
				CLANG_WARN_INT_CONVERSION = YES;
				CLANG_WARN_NON_LITERAL_NULL_CONVERSION = YES;
				CLANG_WARN_OBJC_IMPLICIT_RETAIN_SELF = YES;
				CLANG_WARN_OBJC_LITERAL_CONVERSION = YES;
				CLANG_WARN_OBJC_ROOT_CLASS = YES_ERROR;
				CLANG_WARN_QUOTED_INCLUDE_IN_FRAMEWORK_HEADER = YES;
				CLANG_WARN_RANGE_LOOP_ANALYSIS = YES;
				CLANG_WARN_STRICT_PROTOTYPES = YES;
				CLANG_WARN_SUSPICIOUS_MOVE = YES;
				CLANG_WARN_UNGUARDED_AVAILABILITY = YES_AGGRESSIVE;
				CLANG_WARN_UNREACHABLE_CODE = YES;
				CLANG_WARN__DUPLICATE_METHOD_MATCH = YES;
				COPY_PHASE_STRIP = NO;
				DEBUG_INFORMATION_FORMAT = "dwarf-with-dsym";
				ENABLE_NS_ASSERTIONS = NO;
				ENABLE_STRICT_OBJC_MSGSEND = YES;
				GCC_C_LANGUAGE_STANDARD = gnu11;
				GCC_NO_COMMON_BLOCKS = YES;
				GCC_WARN_64_TO_32_BIT_CONVERSION = YES;
				GCC_WARN_ABOUT_RETURN_TYPE = YES_ERROR;
				GCC_WARN_UNDECLARED_SELECTOR = YES;
				GCC_WARN_UNINITIALIZED_AUTOS = YES_AGGRESSIVE;
				GCC_WARN_UNUSED_FUNCTION = YES;
				GCC_WARN_UNUSED_VARIABLE = YES;
				IPHONEOS_DEPLOYMENT_TARGET = 16.2;
				MTL_ENABLE_DEBUG_INFO = NO;
				MTL_FAST_MATH = YES;
				SDKROOT = iphoneos;
				SWIFT_COMPILATION_MODE = wholemodule;
				SWIFT_OPTIMIZATION_LEVEL = "-O";
				VALIDATE_PRODUCT = YES;
			};
			name = Release;
		};
		B224D37E29BC35140029D400 /* Debug */ = {
			isa = XCBuildConfiguration;
			buildSettings = {
				ASSETCATALOG_COMPILER_APPICON_NAME = AppIcon;
				ASSETCATALOG_COMPILER_GLOBAL_ACCENT_COLOR_NAME = AccentColor;
				CODE_SIGN_STYLE = Automatic;
				CURRENT_PROJECT_VERSION = 1;
				GENERATE_INFOPLIST_FILE = YES;
				INFOPLIST_FILE = "Mindbody Demo/Info.plist";
				INFOPLIST_KEY_UIApplicationSupportsIndirectInputEvents = YES;
				INFOPLIST_KEY_UILaunchStoryboardName = LaunchScreen;
				INFOPLIST_KEY_UIMainStoryboardFile = Main;
				INFOPLIST_KEY_UISupportedInterfaceOrientations_iPad = "UIInterfaceOrientationPortrait UIInterfaceOrientationPortraitUpsideDown UIInterfaceOrientationLandscapeLeft UIInterfaceOrientationLandscapeRight";
				INFOPLIST_KEY_UISupportedInterfaceOrientations_iPhone = "UIInterfaceOrientationPortrait UIInterfaceOrientationLandscapeLeft UIInterfaceOrientationLandscapeRight";
				LD_RUNPATH_SEARCH_PATHS = (
					"$(inherited)",
					"@executable_path/Frameworks",
				);
				MARKETING_VERSION = 1.0;
				PRODUCT_BUNDLE_IDENTIFIER = "com.Mindbody-Demo";
				PRODUCT_NAME = "$(TARGET_NAME)";
				SWIFT_EMIT_LOC_STRINGS = YES;
				SWIFT_VERSION = 5.0;
				TARGETED_DEVICE_FAMILY = "1,2";
			};
			name = Debug;
		};
		B224D37F29BC35140029D400 /* Release */ = {
			isa = XCBuildConfiguration;
			buildSettings = {
				ASSETCATALOG_COMPILER_APPICON_NAME = AppIcon;
				ASSETCATALOG_COMPILER_GLOBAL_ACCENT_COLOR_NAME = AccentColor;
				CODE_SIGN_STYLE = Automatic;
				CURRENT_PROJECT_VERSION = 1;
				GENERATE_INFOPLIST_FILE = YES;
				INFOPLIST_FILE = "Mindbody Demo/Info.plist";
				INFOPLIST_KEY_UIApplicationSupportsIndirectInputEvents = YES;
				INFOPLIST_KEY_UILaunchStoryboardName = LaunchScreen;
				INFOPLIST_KEY_UIMainStoryboardFile = Main;
				INFOPLIST_KEY_UISupportedInterfaceOrientations_iPad = "UIInterfaceOrientationPortrait UIInterfaceOrientationPortraitUpsideDown UIInterfaceOrientationLandscapeLeft UIInterfaceOrientationLandscapeRight";
				INFOPLIST_KEY_UISupportedInterfaceOrientations_iPhone = "UIInterfaceOrientationPortrait UIInterfaceOrientationLandscapeLeft UIInterfaceOrientationLandscapeRight";
				LD_RUNPATH_SEARCH_PATHS = (
					"$(inherited)",
					"@executable_path/Frameworks",
				);
				MARKETING_VERSION = 1.0;
				PRODUCT_BUNDLE_IDENTIFIER = "com.Mindbody-Demo";
				PRODUCT_NAME = "$(TARGET_NAME)";
				SWIFT_EMIT_LOC_STRINGS = YES;
				SWIFT_VERSION = 5.0;
				TARGETED_DEVICE_FAMILY = "1,2";
			};
			name = Release;
		};
		B224D38129BC35140029D400 /* Debug */ = {
			isa = XCBuildConfiguration;
			buildSettings = {
				ALWAYS_EMBED_SWIFT_STANDARD_LIBRARIES = YES;
				BUNDLE_LOADER = "$(TEST_HOST)";
				CODE_SIGN_STYLE = Automatic;
				CURRENT_PROJECT_VERSION = 1;
				GENERATE_INFOPLIST_FILE = YES;
				IPHONEOS_DEPLOYMENT_TARGET = 16.2;
				MARKETING_VERSION = 1.0;
				PRODUCT_BUNDLE_IDENTIFIER = "com.Mindbody-DemoTests";
				PRODUCT_NAME = "$(TARGET_NAME)";
				SWIFT_EMIT_LOC_STRINGS = NO;
				SWIFT_VERSION = 5.0;
				TARGETED_DEVICE_FAMILY = "1,2";
				TEST_HOST = "$(BUILT_PRODUCTS_DIR)/Mindbody Demo.app/$(BUNDLE_EXECUTABLE_FOLDER_PATH)/Mindbody Demo";
			};
			name = Debug;
		};
		B224D38229BC35140029D400 /* Release */ = {
			isa = XCBuildConfiguration;
			buildSettings = {
				ALWAYS_EMBED_SWIFT_STANDARD_LIBRARIES = YES;
				BUNDLE_LOADER = "$(TEST_HOST)";
				CODE_SIGN_STYLE = Automatic;
				CURRENT_PROJECT_VERSION = 1;
				GENERATE_INFOPLIST_FILE = YES;
				IPHONEOS_DEPLOYMENT_TARGET = 16.2;
				MARKETING_VERSION = 1.0;
				PRODUCT_BUNDLE_IDENTIFIER = "com.Mindbody-DemoTests";
				PRODUCT_NAME = "$(TARGET_NAME)";
				SWIFT_EMIT_LOC_STRINGS = NO;
				SWIFT_VERSION = 5.0;
				TARGETED_DEVICE_FAMILY = "1,2";
				TEST_HOST = "$(BUILT_PRODUCTS_DIR)/Mindbody Demo.app/$(BUNDLE_EXECUTABLE_FOLDER_PATH)/Mindbody Demo";
			};
			name = Release;
		};
		B224D38429BC35140029D400 /* Debug */ = {
			isa = XCBuildConfiguration;
			buildSettings = {
				ALWAYS_EMBED_SWIFT_STANDARD_LIBRARIES = YES;
				CODE_SIGN_STYLE = Automatic;
				CURRENT_PROJECT_VERSION = 1;
				GENERATE_INFOPLIST_FILE = YES;
				MARKETING_VERSION = 1.0;
				PRODUCT_BUNDLE_IDENTIFIER = "com.Mindbody-DemoUITests";
				PRODUCT_NAME = "$(TARGET_NAME)";
				SWIFT_EMIT_LOC_STRINGS = NO;
				SWIFT_VERSION = 5.0;
				TARGETED_DEVICE_FAMILY = "1,2";
				TEST_TARGET_NAME = "Mindbody Demo";
			};
			name = Debug;
		};
		B224D38529BC35140029D400 /* Release */ = {
			isa = XCBuildConfiguration;
			buildSettings = {
				ALWAYS_EMBED_SWIFT_STANDARD_LIBRARIES = YES;
				CODE_SIGN_STYLE = Automatic;
				CURRENT_PROJECT_VERSION = 1;
				GENERATE_INFOPLIST_FILE = YES;
				MARKETING_VERSION = 1.0;
				PRODUCT_BUNDLE_IDENTIFIER = "com.Mindbody-DemoUITests";
				PRODUCT_NAME = "$(TARGET_NAME)";
				SWIFT_EMIT_LOC_STRINGS = NO;
				SWIFT_VERSION = 5.0;
				TARGETED_DEVICE_FAMILY = "1,2";
				TEST_TARGET_NAME = "Mindbody Demo";
			};
			name = Release;
		};
/* End XCBuildConfiguration section */

/* Begin XCConfigurationList section */
		B224D34E29BC35130029D400 /* Build configuration list for PBXProject "Mindbody Demo" */ = {
			isa = XCConfigurationList;
			buildConfigurations = (
				B224D37B29BC35140029D400 /* Debug */,
				B224D37C29BC35140029D400 /* Release */,
			);
			defaultConfigurationIsVisible = 0;
			defaultConfigurationName = Release;
		};
		B224D37D29BC35140029D400 /* Build configuration list for PBXNativeTarget "Mindbody Demo" */ = {
			isa = XCConfigurationList;
			buildConfigurations = (
				B224D37E29BC35140029D400 /* Debug */,
				B224D37F29BC35140029D400 /* Release */,
			);
			defaultConfigurationIsVisible = 0;
			defaultConfigurationName = Release;
		};
		B224D38029BC35140029D400 /* Build configuration list for PBXNativeTarget "Mindbody DemoTests" */ = {
			isa = XCConfigurationList;
			buildConfigurations = (
				B224D38129BC35140029D400 /* Debug */,
				B224D38229BC35140029D400 /* Release */,
			);
			defaultConfigurationIsVisible = 0;
			defaultConfigurationName = Release;
		};
		B224D38329BC35140029D400 /* Build configuration list for PBXNativeTarget "Mindbody DemoUITests" */ = {
			isa = XCConfigurationList;
			buildConfigurations = (
				B224D38429BC35140029D400 /* Debug */,
				B224D38529BC35140029D400 /* Release */,
			);
			defaultConfigurationIsVisible = 0;
			defaultConfigurationName = Release;
		};
/* End XCConfigurationList section */
	};
	rootObject = B224D34B29BC35130029D400 /* Project object */;
}
